// !$*UTF8*$!
{
	archiveVersion = 1;
	classes = {
	};
	objectVersion = 55;
	objects = {

/* Begin PBXBuildFile section */
		4DE575F22800FFF8003ACE12 /* WhichIsApp.swift in Sources */ = {isa = PBXBuildFile; fileRef = 4DE575F12800FFF8003ACE12 /* WhichIsApp.swift */; };
		4DE575F42800FFF8003ACE12 /* ContentView.swift in Sources */ = {isa = PBXBuildFile; fileRef = 4DE575F32800FFF8003ACE12 /* ContentView.swift */; };
		4DE575F62800FFFA003ACE12 /* Assets.xcassets in Resources */ = {isa = PBXBuildFile; fileRef = 4DE575F52800FFFA003ACE12 /* Assets.xcassets */; };
		4DE575F92800FFFA003ACE12 /* Preview Assets.xcassets in Resources */ = {isa = PBXBuildFile; fileRef = 4DE575F82800FFFA003ACE12 /* Preview Assets.xcassets */; };
		4DE57601280101F4003ACE12 /* CompareTable.swift in Sources */ = {isa = PBXBuildFile; fileRef = 4DE57600280101F4003ACE12 /* CompareTable.swift */; };
		4DE57605280113F9003ACE12 /* TableView.swift in Sources */ = {isa = PBXBuildFile; fileRef = 4DE57604280113F9003ACE12 /* TableView.swift */; };
		4DE5760928011D51003ACE12 /* ListView.swift in Sources */ = {isa = PBXBuildFile; fileRef = 4DE5760828011D51003ACE12 /* ListView.swift */; };
		4DE5760B28011EF7003ACE12 /* CompareList.swift in Sources */ = {isa = PBXBuildFile; fileRef = 4DE5760A28011EF7003ACE12 /* CompareList.swift */; };
		4DE5760D28024133003ACE12 /* Column.swift in Sources */ = {isa = PBXBuildFile; fileRef = 4DE5760C28024133003ACE12 /* Column.swift */; };
		AA207008EB3FD33642C00085 /* Pods_WhichIs.framework in Frameworks */ = {isa = PBXBuildFile; fileRef = 6A0C7D068D314219A3093389 /* Pods_WhichIs.framework */; };
/* End PBXBuildFile section */

/* Begin PBXFileReference section */
		469A6F82F0A6AE295AC7EEE9 /* Pods-WhichIs.debug.xcconfig */ = {isa = PBXFileReference; includeInIndex = 1; lastKnownFileType = text.xcconfig; name = "Pods-WhichIs.debug.xcconfig"; path = "Target Support Files/Pods-WhichIs/Pods-WhichIs.debug.xcconfig"; sourceTree = "<group>"; };
		4DE575EE2800FFF8003ACE12 /* WhichIs.app */ = {isa = PBXFileReference; explicitFileType = wrapper.application; includeInIndex = 0; path = WhichIs.app; sourceTree = BUILT_PRODUCTS_DIR; };
		4DE575F12800FFF8003ACE12 /* WhichIsApp.swift */ = {isa = PBXFileReference; lastKnownFileType = sourcecode.swift; path = WhichIsApp.swift; sourceTree = "<group>"; };
		4DE575F32800FFF8003ACE12 /* ContentView.swift */ = {isa = PBXFileReference; lastKnownFileType = sourcecode.swift; path = ContentView.swift; sourceTree = "<group>"; };
		4DE575F52800FFFA003ACE12 /* Assets.xcassets */ = {isa = PBXFileReference; lastKnownFileType = folder.assetcatalog; path = Assets.xcassets; sourceTree = "<group>"; };
		4DE575F82800FFFA003ACE12 /* Preview Assets.xcassets */ = {isa = PBXFileReference; lastKnownFileType = folder.assetcatalog; path = "Preview Assets.xcassets"; sourceTree = "<group>"; };
		4DE57600280101F4003ACE12 /* CompareTable.swift */ = {isa = PBXFileReference; lastKnownFileType = sourcecode.swift; path = CompareTable.swift; sourceTree = "<group>"; };
		4DE57604280113F9003ACE12 /* TableView.swift */ = {isa = PBXFileReference; lastKnownFileType = sourcecode.swift; path = TableView.swift; sourceTree = "<group>"; };
		4DE5760828011D51003ACE12 /* ListView.swift */ = {isa = PBXFileReference; lastKnownFileType = sourcecode.swift; path = ListView.swift; sourceTree = "<group>"; };
		4DE5760A28011EF7003ACE12 /* CompareList.swift */ = {isa = PBXFileReference; lastKnownFileType = sourcecode.swift; path = CompareList.swift; sourceTree = "<group>"; };
		4DE5760C28024133003ACE12 /* Column.swift */ = {isa = PBXFileReference; lastKnownFileType = sourcecode.swift; path = Column.swift; sourceTree = "<group>"; };
		6A0C7D068D314219A3093389 /* Pods_WhichIs.framework */ = {isa = PBXFileReference; explicitFileType = wrapper.framework; includeInIndex = 0; path = Pods_WhichIs.framework; sourceTree = BUILT_PRODUCTS_DIR; };
		DA61D75C6CE27C92B79DDE80 /* Pods-WhichIs.release.xcconfig */ = {isa = PBXFileReference; includeInIndex = 1; lastKnownFileType = text.xcconfig; name = "Pods-WhichIs.release.xcconfig"; path = "Target Support Files/Pods-WhichIs/Pods-WhichIs.release.xcconfig"; sourceTree = "<group>"; };
/* End PBXFileReference section */

/* Begin PBXFrameworksBuildPhase section */
		4DE575EB2800FFF8003ACE12 /* Frameworks */ = {
			isa = PBXFrameworksBuildPhase;
			buildActionMask = 2147483647;
			files = (
				AA207008EB3FD33642C00085 /* Pods_WhichIs.framework in Frameworks */,
			);
			runOnlyForDeploymentPostprocessing = 0;
		};
/* End PBXFrameworksBuildPhase section */

/* Begin PBXGroup section */
		4DE575E52800FFF8003ACE12 = {
			isa = PBXGroup;
			children = (
				4DE575F02800FFF8003ACE12 /* WhichIs */,
				4DE575EF2800FFF8003ACE12 /* Products */,
				8C1FDCB4150FB07121822367 /* Pods */,
				57A5F906C3A1B19E66F4538A /* Frameworks */,
			);
			sourceTree = "<group>";
		};
		4DE575EF2800FFF8003ACE12 /* Products */ = {
			isa = PBXGroup;
			children = (
				4DE575EE2800FFF8003ACE12 /* WhichIs.app */,
			);
			name = Products;
			sourceTree = "<group>";
		};
		4DE575F02800FFF8003ACE12 /* WhichIs */ = {
			isa = PBXGroup;
			children = (
				4DE575F12800FFF8003ACE12 /* WhichIsApp.swift */,
				4DE575F32800FFF8003ACE12 /* ContentView.swift */,
				4DE57603280113DF003ACE12 /* ViewModel */,
				4DE57602280113CD003ACE12 /* View */,
				4DE575FF280101C7003ACE12 /* Model */,
				4DE575F52800FFFA003ACE12 /* Assets.xcassets */,
				4DE575F72800FFFA003ACE12 /* Preview Content */,
			);
			path = WhichIs;
			sourceTree = "<group>";
		};
		4DE575F72800FFFA003ACE12 /* Preview Content */ = {
			isa = PBXGroup;
			children = (
				4DE575F82800FFFA003ACE12 /* Preview Assets.xcassets */,
			);
			path = "Preview Content";
			sourceTree = "<group>";
		};
		4DE575FF280101C7003ACE12 /* Model */ = {
			isa = PBXGroup;
			children = (
				4DE57600280101F4003ACE12 /* CompareTable.swift */,
				4DE5760C28024133003ACE12 /* Column.swift */,
				4DE5760A28011EF7003ACE12 /* CompareList.swift */,
			);
			path = Model;
			sourceTree = "<group>";
		};
		4DE57602280113CD003ACE12 /* View */ = {
			isa = PBXGroup;
			children = (
				4DE57604280113F9003ACE12 /* TableView.swift */,
				4DE5760828011D51003ACE12 /* ListView.swift */,
			);
			path = View;
			sourceTree = "<group>";
		};
		4DE57603280113DF003ACE12 /* ViewModel */ = {
			isa = PBXGroup;
			children = (
			);
			path = ViewModel;
			sourceTree = "<group>";
		};
		57A5F906C3A1B19E66F4538A /* Frameworks */ = {
			isa = PBXGroup;
			children = (
				6A0C7D068D314219A3093389 /* Pods_WhichIs.framework */,
			);
			name = Frameworks;
			sourceTree = "<group>";
		};
		8C1FDCB4150FB07121822367 /* Pods */ = {
			isa = PBXGroup;
			children = (
				469A6F82F0A6AE295AC7EEE9 /* Pods-WhichIs.debug.xcconfig */,
				DA61D75C6CE27C92B79DDE80 /* Pods-WhichIs.release.xcconfig */,
			);
			path = Pods;
			sourceTree = "<group>";
		};
/* End PBXGroup section */

/* Begin PBXNativeTarget section */
		4DE575ED2800FFF8003ACE12 /* WhichIs */ = {
			isa = PBXNativeTarget;
			buildConfigurationList = 4DE575FC2800FFFA003ACE12 /* Build configuration list for PBXNativeTarget "WhichIs" */;
			buildPhases = (
				9983840817E56C3AE85FD8B1 /* [CP] Check Pods Manifest.lock */,
				4DE575EA2800FFF8003ACE12 /* Sources */,
				4DE575EB2800FFF8003ACE12 /* Frameworks */,
				4DE575EC2800FFF8003ACE12 /* Resources */,
				6DFA500FD3E0C8749233F885 /* [CP] Embed Pods Frameworks */,
			);
			buildRules = (
			);
			dependencies = (
			);
			name = WhichIs;
			productName = WhichIs;
			productReference = 4DE575EE2800FFF8003ACE12 /* WhichIs.app */;
			productType = "com.apple.product-type.application";
		};
/* End PBXNativeTarget section */

/* Begin PBXProject section */
		4DE575E62800FFF8003ACE12 /* Project object */ = {
			isa = PBXProject;
			attributes = {
				BuildIndependentTargetsInParallel = 1;
				LastSwiftUpdateCheck = 1330;
				LastUpgradeCheck = 1330;
				TargetAttributes = {
					4DE575ED2800FFF8003ACE12 = {
						CreatedOnToolsVersion = 13.3;
					};
				};
			};
			buildConfigurationList = 4DE575E92800FFF8003ACE12 /* Build configuration list for PBXProject "WhichIs" */;
			compatibilityVersion = "Xcode 13.0";
			developmentRegion = en;
			hasScannedForEncodings = 0;
			knownRegions = (
				en,
				Base,
			);
			mainGroup = 4DE575E52800FFF8003ACE12;
			productRefGroup = 4DE575EF2800FFF8003ACE12 /* Products */;
			projectDirPath = "";
			projectRoot = "";
			targets = (
				4DE575ED2800FFF8003ACE12 /* WhichIs */,
			);
		};
/* End PBXProject section */

/* Begin PBXResourcesBuildPhase section */
		4DE575EC2800FFF8003ACE12 /* Resources */ = {
			isa = PBXResourcesBuildPhase;
			buildActionMask = 2147483647;
			files = (
				4DE575F92800FFFA003ACE12 /* Preview Assets.xcassets in Resources */,
				4DE575F62800FFFA003ACE12 /* Assets.xcassets in Resources */,
			);
			runOnlyForDeploymentPostprocessing = 0;
		};
/* End PBXResourcesBuildPhase section */

/* Begin PBXShellScriptBuildPhase section */
		6DFA500FD3E0C8749233F885 /* [CP] Embed Pods Frameworks */ = {
			isa = PBXShellScriptBuildPhase;
			buildActionMask = 2147483647;
			files = (
			);
			inputFileListPaths = (
				"${PODS_ROOT}/Target Support Files/Pods-WhichIs/Pods-WhichIs-frameworks-${CONFIGURATION}-input-files.xcfilelist",
			);
			name = "[CP] Embed Pods Frameworks";
			outputFileListPaths = (
				"${PODS_ROOT}/Target Support Files/Pods-WhichIs/Pods-WhichIs-frameworks-${CONFIGURATION}-output-files.xcfilelist",
			);
			runOnlyForDeploymentPostprocessing = 0;
			shellPath = /bin/sh;
			shellScript = "\"${PODS_ROOT}/Target Support Files/Pods-WhichIs/Pods-WhichIs-frameworks.sh\"\n";
			showEnvVarsInLog = 0;
		};
		9983840817E56C3AE85FD8B1 /* [CP] Check Pods Manifest.lock */ = {
			isa = PBXShellScriptBuildPhase;
			buildActionMask = 2147483647;
			files = (
			);
			inputFileListPaths = (
			);
			inputPaths = (
				"${PODS_PODFILE_DIR_PATH}/Podfile.lock",
				"${PODS_ROOT}/Manifest.lock",
			);
			name = "[CP] Check Pods Manifest.lock";
			outputFileListPaths = (
			);
			outputPaths = (
				"$(DERIVED_FILE_DIR)/Pods-WhichIs-checkManifestLockResult.txt",
			);
			runOnlyForDeploymentPostprocessing = 0;
			shellPath = /bin/sh;
			shellScript = "diff \"${PODS_PODFILE_DIR_PATH}/Podfile.lock\" \"${PODS_ROOT}/Manifest.lock\" > /dev/null\nif [ $? != 0 ] ; then\n    # print error to STDERR\n    echo \"error: The sandbox is not in sync with the Podfile.lock. Run 'pod install' or update your CocoaPods installation.\" >&2\n    exit 1\nfi\n# This output is used by Xcode 'outputs' to avoid re-running this script phase.\necho \"SUCCESS\" > \"${SCRIPT_OUTPUT_FILE_0}\"\n";
			showEnvVarsInLog = 0;
		};
/* End PBXShellScriptBuildPhase section */

/* Begin PBXSourcesBuildPhase section */
		4DE575EA2800FFF8003ACE12 /* Sources */ = {
			isa = PBXSourcesBuildPhase;
			buildActionMask = 2147483647;
			files = (
				4DE57601280101F4003ACE12 /* CompareTable.swift in Sources */,
				4DE5760D28024133003ACE12 /* Column.swift in Sources */,
				4DE5760928011D51003ACE12 /* ListView.swift in Sources */,
				4DE57605280113F9003ACE12 /* TableView.swift in Sources */,
				4DE575F42800FFF8003ACE12 /* ContentView.swift in Sources */,
				4DE5760B28011EF7003ACE12 /* CompareList.swift in Sources */,
				4DE575F22800FFF8003ACE12 /* WhichIsApp.swift in Sources */,
			);
			runOnlyForDeploymentPostprocessing = 0;
		};
/* End PBXSourcesBuildPhase section */

/* Begin XCBuildConfiguration section */
		4DE575FA2800FFFA003ACE12 /* Debug */ = {
			isa = XCBuildConfiguration;
			buildSettings = {
				ALWAYS_SEARCH_USER_PATHS = NO;
				CLANG_ANALYZER_NONNULL = YES;
				CLANG_ANALYZER_NUMBER_OBJECT_CONVERSION = YES_AGGRESSIVE;
				CLANG_CXX_LANGUAGE_STANDARD = "gnu++17";
				CLANG_ENABLE_MODULES = YES;
				CLANG_ENABLE_OBJC_ARC = YES;
				CLANG_ENABLE_OBJC_WEAK = YES;
				CLANG_WARN_BLOCK_CAPTURE_AUTORELEASING = YES;
				CLANG_WARN_BOOL_CONVERSION = YES;
				CLANG_WARN_COMMA = YES;
				CLANG_WARN_CONSTANT_CONVERSION = YES;
				CLANG_WARN_DEPRECATED_OBJC_IMPLEMENTATIONS = YES;
				CLANG_WARN_DIRECT_OBJC_ISA_USAGE = YES_ERROR;
				CLANG_WARN_DOCUMENTATION_COMMENTS = YES;
				CLANG_WARN_EMPTY_BODY = YES;
				CLANG_WARN_ENUM_CONVERSION = YES;
				CLANG_WARN_INFINITE_RECURSION = YES;
				CLANG_WARN_INT_CONVERSION = YES;
				CLANG_WARN_NON_LITERAL_NULL_CONVERSION = YES;
				CLANG_WARN_OBJC_IMPLICIT_RETAIN_SELF = YES;
				CLANG_WARN_OBJC_LITERAL_CONVERSION = YES;
				CLANG_WARN_OBJC_ROOT_CLASS = YES_ERROR;
				CLANG_WARN_QUOTED_INCLUDE_IN_FRAMEWORK_HEADER = YES;
				CLANG_WARN_RANGE_LOOP_ANALYSIS = YES;
				CLANG_WARN_STRICT_PROTOTYPES = YES;
				CLANG_WARN_SUSPICIOUS_MOVE = YES;
				CLANG_WARN_UNGUARDED_AVAILABILITY = YES_AGGRESSIVE;
				CLANG_WARN_UNREACHABLE_CODE = YES;
				CLANG_WARN__DUPLICATE_METHOD_MATCH = YES;
				COPY_PHASE_STRIP = NO;
				DEBUG_INFORMATION_FORMAT = dwarf;
				ENABLE_STRICT_OBJC_MSGSEND = YES;
				ENABLE_TESTABILITY = YES;
				GCC_C_LANGUAGE_STANDARD = gnu11;
				GCC_DYNAMIC_NO_PIC = NO;
				GCC_NO_COMMON_BLOCKS = YES;
				GCC_OPTIMIZATION_LEVEL = 0;
				GCC_PREPROCESSOR_DEFINITIONS = (
					"DEBUG=1",
					"$(inherited)",
				);
				GCC_WARN_64_TO_32_BIT_CONVERSION = YES;
				GCC_WARN_ABOUT_RETURN_TYPE = YES_ERROR;
				GCC_WARN_UNDECLARED_SELECTOR = YES;
				GCC_WARN_UNINITIALIZED_AUTOS = YES_AGGRESSIVE;
				GCC_WARN_UNUSED_FUNCTION = YES;
				GCC_WARN_UNUSED_VARIABLE = YES;
				IPHONEOS_DEPLOYMENT_TARGET = 15.4;
				MTL_ENABLE_DEBUG_INFO = INCLUDE_SOURCE;
				MTL_FAST_MATH = YES;
				ONLY_ACTIVE_ARCH = YES;
				SDKROOT = iphoneos;
				SWIFT_ACTIVE_COMPILATION_CONDITIONS = DEBUG;
				SWIFT_OPTIMIZATION_LEVEL = "-Onone";
			};
			name = Debug;
		};
		4DE575FB2800FFFA003ACE12 /* Release */ = {
			isa = XCBuildConfiguration;
			buildSettings = {
				ALWAYS_SEARCH_USER_PATHS = NO;
				CLANG_ANALYZER_NONNULL = YES;
				CLANG_ANALYZER_NUMBER_OBJECT_CONVERSION = YES_AGGRESSIVE;
				CLANG_CXX_LANGUAGE_STANDARD = "gnu++17";
				CLANG_ENABLE_MODULES = YES;
				CLANG_ENABLE_OBJC_ARC = YES;
				CLANG_ENABLE_OBJC_WEAK = YES;
				CLANG_WARN_BLOCK_CAPTURE_AUTORELEASING = YES;
				CLANG_WARN_BOOL_CONVERSION = YES;
				CLANG_WARN_COMMA = YES;
				CLANG_WARN_CONSTANT_CONVERSION = YES;
				CLANG_WARN_DEPRECATED_OBJC_IMPLEMENTATIONS = YES;
				CLANG_WARN_DIRECT_OBJC_ISA_USAGE = YES_ERROR;
				CLANG_WARN_DOCUMENTATION_COMMENTS = YES;
				CLANG_WARN_EMPTY_BODY = YES;
				CLANG_WARN_ENUM_CONVERSION = YES;
				CLANG_WARN_INFINITE_RECURSION = YES;
				CLANG_WARN_INT_CONVERSION = YES;
				CLANG_WARN_NON_LITERAL_NULL_CONVERSION = YES;
				CLANG_WARN_OBJC_IMPLICIT_RETAIN_SELF = YES;
				CLANG_WARN_OBJC_LITERAL_CONVERSION = YES;
				CLANG_WARN_OBJC_ROOT_CLASS = YES_ERROR;
				CLANG_WARN_QUOTED_INCLUDE_IN_FRAMEWORK_HEADER = YES;
				CLANG_WARN_RANGE_LOOP_ANALYSIS = YES;
				CLANG_WARN_STRICT_PROTOTYPES = YES;
				CLANG_WARN_SUSPICIOUS_MOVE = YES;
				CLANG_WARN_UNGUARDED_AVAILABILITY = YES_AGGRESSIVE;
				CLANG_WARN_UNREACHABLE_CODE = YES;
				CLANG_WARN__DUPLICATE_METHOD_MATCH = YES;
				COPY_PHASE_STRIP = NO;
				DEBUG_INFORMATION_FORMAT = "dwarf-with-dsym";
				ENABLE_NS_ASSERTIONS = NO;
				ENABLE_STRICT_OBJC_MSGSEND = YES;
				GCC_C_LANGUAGE_STANDARD = gnu11;
				GCC_NO_COMMON_BLOCKS = YES;
				GCC_WARN_64_TO_32_BIT_CONVERSION = YES;
				GCC_WARN_ABOUT_RETURN_TYPE = YES_ERROR;
				GCC_WARN_UNDECLARED_SELECTOR = YES;
				GCC_WARN_UNINITIALIZED_AUTOS = YES_AGGRESSIVE;
				GCC_WARN_UNUSED_FUNCTION = YES;
				GCC_WARN_UNUSED_VARIABLE = YES;
				IPHONEOS_DEPLOYMENT_TARGET = 15.4;
				MTL_ENABLE_DEBUG_INFO = NO;
				MTL_FAST_MATH = YES;
				SDKROOT = iphoneos;
				SWIFT_COMPILATION_MODE = wholemodule;
				SWIFT_OPTIMIZATION_LEVEL = "-O";
				VALIDATE_PRODUCT = YES;
			};
			name = Release;
		};
		4DE575FD2800FFFA003ACE12 /* Debug */ = {
			isa = XCBuildConfiguration;
			baseConfigurationReference = 469A6F82F0A6AE295AC7EEE9 /* Pods-WhichIs.debug.xcconfig */;
			buildSettings = {
				ASSETCATALOG_COMPILER_APPICON_NAME = AppIcon;
				ASSETCATALOG_COMPILER_GLOBAL_ACCENT_COLOR_NAME = AccentColor;
				CODE_SIGN_STYLE = Automatic;
				CURRENT_PROJECT_VERSION = 1;
				DEVELOPMENT_ASSET_PATHS = "\"WhichIs/Preview Content\"";
				DEVELOPMENT_TEAM = 254G68X5D9;
				ENABLE_PREVIEWS = YES;
				GENERATE_INFOPLIST_FILE = YES;
				INFOPLIST_KEY_UIApplicationSceneManifest_Generation = YES;
				INFOPLIST_KEY_UIApplicationSupportsIndirectInputEvents = YES;
				INFOPLIST_KEY_UILaunchScreen_Generation = YES;
				INFOPLIST_KEY_UISupportedInterfaceOrientations_iPad = "UIInterfaceOrientationPortrait UIInterfaceOrientationPortraitUpsideDown UIInterfaceOrientationLandscapeLeft UIInterfaceOrientationLandscapeRight";
				INFOPLIST_KEY_UISupportedInterfaceOrientations_iPhone = "UIInterfaceOrientationPortrait UIInterfaceOrientationLandscapeLeft UIInterfaceOrientationLandscapeRight";
				LD_RUNPATH_SEARCH_PATHS = (
					"$(inherited)",
					"@executable_path/Frameworks",
				);
				MARKETING_VERSION = 1.0;
				PRODUCT_BUNDLE_IDENTIFIER = com.gritup.WhichIs;
				PRODUCT_NAME = "$(TARGET_NAME)";
				SWIFT_EMIT_LOC_STRINGS = YES;
				SWIFT_VERSION = 5.0;
				TARGETED_DEVICE_FAMILY = "1,2";
			};
			name = Debug;
		};
		4DE575FE2800FFFA003ACE12 /* Release */ = {
			isa = XCBuildConfiguration;
			baseConfigurationReference = DA61D75C6CE27C92B79DDE80 /* Pods-WhichIs.release.xcconfig */;
			buildSettings = {
				ASSETCATALOG_COMPILER_APPICON_NAME = AppIcon;
				ASSETCATALOG_COMPILER_GLOBAL_ACCENT_COLOR_NAME = AccentColor;
				CODE_SIGN_STYLE = Automatic;
				CURRENT_PROJECT_VERSION = 1;
				DEVELOPMENT_ASSET_PATHS = "\"WhichIs/Preview Content\"";
				DEVELOPMENT_TEAM = 254G68X5D9;
				ENABLE_PREVIEWS = YES;
				GENERATE_INFOPLIST_FILE = YES;
				INFOPLIST_KEY_UIApplicationSceneManifest_Generation = YES;
				INFOPLIST_KEY_UIApplicationSupportsIndirectInputEvents = YES;
				INFOPLIST_KEY_UILaunchScreen_Generation = YES;
				INFOPLIST_KEY_UISupportedInterfaceOrientations_iPad = "UIInterfaceOrientationPortrait UIInterfaceOrientationPortraitUpsideDown UIInterfaceOrientationLandscapeLeft UIInterfaceOrientationLandscapeRight";
				INFOPLIST_KEY_UISupportedInterfaceOrientations_iPhone = "UIInterfaceOrientationPortrait UIInterfaceOrientationLandscapeLeft UIInterfaceOrientationLandscapeRight";
				LD_RUNPATH_SEARCH_PATHS = (
					"$(inherited)",
					"@executable_path/Frameworks",
				);
				MARKETING_VERSION = 1.0;
				PRODUCT_BUNDLE_IDENTIFIER = com.gritup.WhichIs;
				PRODUCT_NAME = "$(TARGET_NAME)";
				SWIFT_EMIT_LOC_STRINGS = YES;
				SWIFT_VERSION = 5.0;
				TARGETED_DEVICE_FAMILY = "1,2";
			};
			name = Release;
		};
/* End XCBuildConfiguration section */

/* Begin XCConfigurationList section */
		4DE575E92800FFF8003ACE12 /* Build configuration list for PBXProject "WhichIs" */ = {
			isa = XCConfigurationList;
			buildConfigurations = (
				4DE575FA2800FFFA003ACE12 /* Debug */,
				4DE575FB2800FFFA003ACE12 /* Release */,
			);
			defaultConfigurationIsVisible = 0;
			defaultConfigurationName = Release;
		};
		4DE575FC2800FFFA003ACE12 /* Build configuration list for PBXNativeTarget "WhichIs" */ = {
			isa = XCConfigurationList;
			buildConfigurations = (
				4DE575FD2800FFFA003ACE12 /* Debug */,
				4DE575FE2800FFFA003ACE12 /* Release */,
			);
			defaultConfigurationIsVisible = 0;
			defaultConfigurationName = Release;
		};
/* End XCConfigurationList section */
	};
	rootObject = 4DE575E62800FFF8003ACE12 /* Project object */;
}
